{
  "name": "w4trc-forms",
  "lockfileVersion": 3,
  "requires": true,
  "packages": {
    "": {
      "name": "w4trc-forms",
      "dependencies": {
        "@sentry/browser": "^8",
        "@sentry/cloudflare": "^8"
      }
    },
    "node_modules/@cloudflare/workers-types": {
      "version": "4.20260426.1",
      "resolved": "https://registry.npmjs.org/@cloudflare/workers-types/-/workers-types-4.20260426.1.tgz",
      "integrity": "sha512-cBYeQaWwv/jFV8ualmwp6wIxmAf0rDe2DPPQwPbslKmPHqgv861YpAvm45r05K40QboZgxNQVIPgNkmtHqZeJQ==",
      "license": "MIT OR Apache-2.0",
      "optional": true
    },
    "node_modules/@sentry-internal/browser-utils": {
      "version": "8.55.2",
      "resolved": "https://registry.npmjs.org/@sentry-internal/browser-utils/-/browser-utils-8.55.2.tgz",
      "integrity": "sha512-GnKod+gL/Y+1FUM/RGV8q6le1CoyiGbT40MitEK7eVwWe+bfTRq1gN7ioupyHFMUg1RlQkDQ4/sENmio/uow5A==",
      "license": "MIT",
      "dependencies": {
        "@sentry/core": "8.55.2"
      },
      "engines": {
        "node": ">=14.18"
      }
    },
    "node_modules/@sentry-internal/feedback": {
      "version": "8.55.2",
      "resolved": "https://registry.npmjs.org/@sentry-internal/feedback/-/feedback-8.55.2.tgz",
      "integrity": "sha512-XQy//NWbL0mLLM5w8wNDWMNpXz39VUyW2397dUrH8++kR63WhUVAvTOtL0o0GMVadSAzl1b08oHP9zSUNFQwcg==",
      "license": "MIT",
      "dependencies": {
        "@sentry/core": "8.55.2"
      },
      "engines": {
        "node": ">=14.18"
      }
    },
    "node_modules/@sentry-internal/replay": {
      "version": "8.55.2",
      "resolved": "https://registry.npmjs.org/@sentry-internal/replay/-/replay-8.55.2.tgz",
      "integrity": "sha512-+W43Z697EVe/OgpGW07B773sa8xO1UbpnW0Cr+E+3FMDb6ZbXlaBUoagPTUkkQPdwBe35SDh6r8y2M3EOPGbxg==",
      "license": "MIT",
      "dependencies": {
        "@sentry-internal/browser-utils": "8.55.2",
        "@sentry/core": "8.55.2"
      },
      "engines": {
        "node": ">=14.18"
      }
    },
    "node_modules/@sentry-internal/replay-canvas": {
      "version": "8.55.2",
      "resolved": "https://registry.npmjs.org/@sentry-internal/replay-canvas/-/replay-canvas-8.55.2.tgz",
      "integrity": "sha512-P/jGiuR7dRLG9IzD/463fLgiibyYceauav/9prRG0ZxJm1AtuO02OKball2Fs3bbzdzwHCTlcsUuL2ivDF4b5A==",
      "license": "MIT",
      "dependencies": {
        "@sentry-internal/replay": "8.55.2",
        "@sentry/core": "8.55.2"
      },
      "engines": {
        "node": ">=14.18"
      }
    },
    "node_modules/@sentry/browser": {
      "version": "8.55.2",
      "resolved": "https://registry.npmjs.org/@sentry/browser/-/browser-8.55.2.tgz",
      "integrity": "sha512-xHuPIEKhx9zw5quWvv4YgZprnwoVMCfxIhmOIf6KJ9iizyUHeUDcKpLS59xERroqwX4RpvK+l/27AZu4zfZlzQ==",
      "license": "MIT",
      "dependencies": {
        "@sentry-internal/browser-utils": "8.55.2",
        "@sentry-internal/feedback": "8.55.2",
        "@sentry-internal/replay": "8.55.2",
        "@sentry-internal/replay-canvas": "8.55.2",
        "@sentry/core": "8.55.2"
      },
      "engines": {
        "node": ">=14.18"
      }
    },
    "node_modules/@sentry/cloudflare": {
      "version": "8.55.2",
      "resolved": "https://registry.npmjs.org/@sentry/cloudflare/-/cloudflare-8.55.2.tgz",
      "integrity": "sha512-8fsMsMzK/2qX/ewrVnJke3Lu5XmGBrTkX/8diZpRDNT9lZ7h+Ixbn8BnJcenD+orsfS1+o+ptxNRFZAbyuuXGw==",
      "license": "MIT",
      "dependencies": {
        "@sentry/core": "8.55.2"
      },
      "engines": {
        "node": ">=14.18"
      },
      "optionalDependencies": {
        "@cloudflare/workers-types": "^4.x"
      }
    },
    "node_modules/@sentry/core": {
      "version": "8.55.2",
      "resolved": "https://registry.npmjs.org/@sentry/core/-/core-8.55.2.tgz",
      "integrity": "sha512-YlEBwybUcOQ/KjMHDmof1vwweVnBtBxYlQp7DE3fOdtW4pqqdHWTnTntQs4VgYfxzjJYgtkd9LHlGtg8qy+JVQ==",
      "license": "MIT",
      "engines": {
        "node": ">=14.18"
      }
    }
  }
}
